
Microsoft Visual Studio Solution File, Format Version 12.00
# Visual Studio 15
VisualStudioVersion = 15.0.28010.0
MinimumVisualStudioVersion = 10.0.40219.1
Project("{FAE04EC0-301F-11D3-BF4B-00C04F79EFBC}") = "Debugging", "Debugging\Debugging.csproj", "{0410D13D-2AC7-4FC3-9E1D-5ADE87723A08}"
EndProject
Global
	GlobalSection(SolutionConfigurationPlatforms) = preSolution
		Debug|Any CPU = Debug|Any CPU
		Release|Any CPU = Release|Any CPU
	EndGlobalSection
	GlobalSection(ProjectConfigurationPlatforms) = postSolution
		{0410D13D-2AC7-4FC3-9E1D-5ADE87723A08}.Debug|Any CPU.ActiveCfg = Debug|Any CPU
		{0410D13D-2AC7-4FC3-9E1D-5ADE87723A08}.Debug|Any CPU.Build.0 = Debug|Any CPU
		{0410D13D-2AC7-4FC3-9E1D-5ADE87723A08}.Release|Any CPU.ActiveCfg = Release|Any CPU
		{0410D13D-2AC7-4FC3-9E1D-5ADE87723A08}.Release|Any CPU.Build.0 = Release|Any CPU
	EndGlobalSection
	GlobalSection(SolutionProperties) = preSolution
		HideSolutionNode = FALSE
	EndGlobalSection
	GlobalSection(ExtensibilityGlobals) = postSolution
		SolutionGuid = {99D482D0-C18F-4ECA-9F25-44C1BA8A2AFC}
	EndGlobalSection
EndGlobal
